
Microsoft Visual Studio Solution File, Format Version 12.00
# Visual Studio Version 16
VisualStudioVersion = 16.0.29728.190
MinimumVisualStudioVersion = 10.0.40219.1
Project("{FAE04EC0-301F-11D3-BF4B-00C04F79EFBC}") = "Arrays", "Arrays\Arrays.csproj", "{3430CA6F-E35C-4E7E-95E0-9A546936989B}"
EndProject
Global
	GlobalSection(SolutionConfigurationPlatforms) = preSolution
		Debug|Any CPU = Debug|Any CPU
		Release|Any CPU = Release|Any CPU
	EndGlobalSection
	GlobalSection(ProjectConfigurationPlatforms) = postSolution
		{3430CA6F-E35C-4E7E-95E0-9A546936989B}.Debug|Any CPU.ActiveCfg = Debug|Any CPU
		{3430CA6F-E35C-4E7E-95E0-9A546936989B}.Debug|Any CPU.Build.0 = Debug|Any CPU
		{3430CA6F-E35C-4E7E-95E0-9A546936989B}.Release|Any CPU.ActiveCfg = Release|Any CPU
		{3430CA6F-E35C-4E7E-95E0-9A546936989B}.Release|Any CPU.Build.0 = Release|Any CPU
	EndGlobalSection
	GlobalSection(SolutionProperties) = preSolution
		HideSolutionNode = FALSE
	EndGlobalSection
	GlobalSection(ExtensibilityGlobals) = postSolution
		SolutionGuid = {056E35A6-2AEF-4524-A5C4-48BE1A728724}
	EndGlobalSection
EndGlobal
